
Microsoft Visual Studio Solution File, Format Version 12.00
# Visual Studio 15
VisualStudioVersion = 15.0.27130.2036
MinimumVisualStudioVersion = 10.0.40219.1
Project("{FAE04EC0-301F-11D3-BF4B-00C04F79EFBC}") = "Task6", "Task6\Task6.csproj", "{0912E9F1-0B28-4832-8DE5-FA18E76C9CC2}"
EndProject
Global
	GlobalSection(SolutionConfigurationPlatforms) = preSolution
		Debug|Any CPU = Debug|Any CPU
		Release|Any CPU = Release|Any CPU
	EndGlobalSection
	GlobalSection(ProjectConfigurationPlatforms) = postSolution
		{0912E9F1-0B28-4832-8DE5-FA18E76C9CC2}.Debug|Any CPU.ActiveCfg = Debug|Any CPU
		{0912E9F1-0B28-4832-8DE5-FA18E76C9CC2}.Debug|Any CPU.Build.0 = Debug|Any CPU
		{0912E9F1-0B28-4832-8DE5-FA18E76C9CC2}.Release|Any CPU.ActiveCfg = Release|Any CPU
		{0912E9F1-0B28-4832-8DE5-FA18E76C9CC2}.Release|Any CPU.Build.0 = Release|Any CPU
	EndGlobalSection
	GlobalSection(SolutionProperties) = preSolution
		HideSolutionNode = FALSE
	EndGlobalSection
	GlobalSection(ExtensibilityGlobals) = postSolution
		SolutionGuid = {386EE9E8-C2BA-4ACD-8E87-35FD4ACF5437}
	EndGlobalSection
EndGlobal
